<?xml version="1.0" encoding="utf-8"?>
<Project ToolsVersion="4.0" xmlns="http://schemas.microsoft.com/developer/msbuild/2003">
  <ItemGroup>
    <Filter Include="Source Files">
      <UniqueIdentifier>{4FC737F1-C7A5-4376-A066-2A32D752A2FF}</UniqueIdentifier>
      <Extensions>qml;cpp;c;cc;cxx;def;odl;idl;hpj;bat;asm;asmx</Extensions>
    </Filter>
    <Filter Include="Header Files">
      <UniqueIdentifier>{93995380-89BD-4b04-88EB-625FBE52EBFB}</UniqueIdentifier>
      <Extensions>h;hh;hpp;hxx;hm;inl;inc;xsd</Extensions>
    </Filter>
    <Filter Include="Resource Files">
      <UniqueIdentifier>{67DA6AB6-F800-4c08-8B7A-83BB121AAD01}</UniqueIdentifier>
      <Extensions>qrc;rc;ico;cur;bmp;dlg;rc2;rct;bin;rgs;gif;jpg;jpeg;jpe;resx;tiff;tif;png;wav;mfcribbon-ms</Extensions>
    </Filter>
    <Filter Include="Form Files">
      <UniqueIdentifier>{99349809-55BA-4b9d-BF79-8FDBB0286EB3}</UniqueIdentifier>
      <Extensions>ui</Extensions>
    </Filter>
    <Filter Include="Src">
      <UniqueIdentifier>{03dff58c-8e7c-45b6-8df7-25998901196c}</UniqueIdentifier>
    </Filter>
    <Filter Include="Src\Common">
      <UniqueIdentifier>{2ba57788-36a6-4ee7-af1c-af1840c6eebb}</UniqueIdentifier>
    </Filter>
    <Filter Include="Src\Core">
      <UniqueIdentifier>{17878700-9b82-43dc-8164-776a99067a4d}</UniqueIdentifier>
    </Filter>
    <Filter Include="Src\GUI">
      <UniqueIdentifier>{bba57aea-e030-4a7b-ae96-577f2d968605}</UniqueIdentifier>
    </Filter>
    <Filter Include="Src\Plugins">
      <UniqueIdentifier>{fe0ddbc0-1080-4923-b9a2-3691d5a538e9}</UniqueIdentifier>
    </Filter>
    <Filter Include="Src\Tools">
      <UniqueIdentifier>{5bed0752-823c-413f-88cd-47b4e8a5ac21}</UniqueIdentifier>
    </Filter>
    <Filter Include="Translation Files">
      <UniqueIdentifier>{639EADAA-A684-42e4-A9AD-28FC9BCB8F7C}</UniqueIdentifier>
      <Extensions>ts</Extensions>
    </Filter>
    <Filter Include="Src\Plugins\图像处理模块">
      <UniqueIdentifier>{7b67222f-0627-48db-a9b0-625a6e3cf4e2}</UniqueIdentifier>
    </Filter>
    <Filter Include="Src\Plugins\图像处理模块\图像预处理">
      <UniqueIdentifier>{c76998a8-96ef-4ce0-bdc3-eb5d7bd32d6d}</UniqueIdentifier>
    </Filter>
    <Filter Include="Src\Plugins\3D检测">
      <UniqueIdentifier>{cd15b9f5-49f4-4e62-bb6a-41d0a57ba94c}</UniqueIdentifier>
    </Filter>
    <Filter Include="Src\Plugins\3D检测\平面度检测">
      <UniqueIdentifier>{7e6565fe-04d2-49aa-96f5-94e0176d7ab5}</UniqueIdentifier>
    </Filter>
    <Filter Include="Src\Plugins\3D检测\高度检测">
      <UniqueIdentifier>{cff37eb1-babe-4186-8acf-8586abbcaef1}</UniqueIdentifier>
    </Filter>
    <Filter Include="Src\Plugins\图像处理模块\ROI设置">
      <UniqueIdentifier>{4860a2f9-932a-4bca-8fa1-7e1838977561}</UniqueIdentifier>
    </Filter>
    <Filter Include="Src\Plugins\图像处理模块\采集设置">
      <UniqueIdentifier>{f142f4f9-e613-48a5-b516-f08256658732}</UniqueIdentifier>
    </Filter>
    <Filter Include="Src\Plugins\图像处理模块\图像预处理\算子库界面">
      <UniqueIdentifier>{f9e75839-929a-486f-8d0c-dac40f2d11a9}</UniqueIdentifier>
    </Filter>
    <Filter Include="QT模板">
      <UniqueIdentifier>{5ec6c853-aceb-4183-81c4-e4026c56e002}</UniqueIdentifier>
    </Filter>
    <Filter Include="Src\Plugins\图像处理模块\存储图像">
      <UniqueIdentifier>{6a2dad07-adb2-4f9b-8c42-2183623b2189}</UniqueIdentifier>
    </Filter>
  </ItemGroup>
  <ItemGroup>
    <QtRcc Include="MainWindow.qrc">
      <Filter>Resource Files</Filter>
    </QtRcc>
    <QtUic Include="MainWindow.ui">
      <Filter>Form Files</Filter>
    </QtUic>
    <QtMoc Include="MainWindow.h">
      <Filter>Header Files</Filter>
    </QtMoc>
    <ClCompile Include="MainWindow.cpp">
      <Filter>Source Files</Filter>
    </ClCompile>
    <QtRcc Include="Styles\style.qrc">
      <Filter>Translation Files</Filter>
    </QtRcc>
  </ItemGroup>
  <ItemGroup>
    <ClCompile Include="main.cpp">
      <Filter>Source Files</Filter>
    </ClCompile>
    <ClCompile Include="src\Common\GlobalDef.cpp">
      <Filter>Src\Common</Filter>
    </ClCompile>
    <ClCompile Include="src\Common\INodeData.cpp">
      <Filter>Src\Common</Filter>
    </ClCompile>
    <ClCompile Include="src\Common\IFlowNode.cpp">
      <Filter>Src\Common</Filter>
    </ClCompile>
    <ClCompile Include="src\Common\CommonUtils.cpp">
      <Filter>Src\Common</Filter>
    </ClCompile>
    <ClCompile Include="src\Core\NodeRegistry.cpp">
      <Filter>Src\Core</Filter>
    </ClCompile>
    <ClCompile Include="src\Core\FlowModel.cpp">
      <Filter>Src\Core</Filter>
    </ClCompile>
    <ClCompile Include="src\Core\FlowWorker.cpp">
      <Filter>Src\Core</Filter>
    </ClCompile>
    <ClCompile Include="src\Core\FlowEngine.cpp">
      <Filter>Src\Core</Filter>
    </ClCompile>
    <ClCompile Include="src\Plugins\BaseAlgorithmNode.cpp">
      <Filter>Src\Plugins</Filter>
    </ClCompile>
    <ClCompile Include="src\Plugins\NodeSelectorWidget.cpp">
      <Filter>Src\GUI</Filter>
    </ClCompile>
    <ClCompile Include="src\Tools\OperatorButton.cpp">
      <Filter>Src\Tools</Filter>
    </ClCompile>
    <ClCompile Include="src\GUI\CollapsibleCategory.cpp">
      <Filter>Src\GUI</Filter>
    </ClCompile>
    <ClCompile Include="src\GUI\WorkflowTreeWidget.cpp">
      <Filter>Src\GUI</Filter>
    </ClCompile>
    <ClCompile Include="src\Plugins\ImageFilterNode.cpp">
      <Filter>Src\Plugins\图像处理模块</Filter>
    </ClCompile>
    <ClCompile Include="src\Plugins\PreProcessWidget.cpp">
      <Filter>Src\Plugins\图像处理模块\图像预处理</Filter>
    </ClCompile>
    <ClCompile Include="src\Plugins\RoiWidget.cpp">
      <Filter>Src\Plugins\图像处理模块\ROI设置</Filter>
    </ClCompile>
    <ClCompile Include="src\Plugins\Height3DWidget.cpp">
      <Filter>Src\Plugins\3D检测\高度检测</Filter>
    </ClCompile>
    <ClCompile Include="src\Plugins\Planeness3DWidget.cpp">
      <Filter>Src\Plugins\3D检测\平面度检测</Filter>
    </ClCompile>
    <ClCompile Include="src\Plugins\_3DProcessNode.cpp">
      <Filter>Src\Plugins\3D检测</Filter>
    </ClCompile>
    <ClCompile Include="src\Plugins\Planeness3DWidget.cpp">
      <Filter>Src\Plugins\3D检测\平面度检测</Filter>
    </ClCompile>
    <ClCompile Include="src\Plugins\PreProcessWidget.cpp">
      <Filter>Src\Plugins\图像处理模块\图像预处理</Filter>
    </ClCompile>
    <ClCompile Include="src\Plugins\CameraInputWidget.cpp">
      <Filter>Src\Plugins\图像处理模块\采集设置</Filter>
    </ClCompile>
    <ClCompile Include="Global.cpp">
      <Filter>Source Files</Filter>
    </ClCompile>
    <ClCompile Include="Global_function.cpp">
      <Filter>Source Files</Filter>
    </ClCompile>
    <ClCompile Include="src\Tools\ImageViewWidget.cpp">
      <Filter>Src\Tools</Filter>
    </ClCompile>
    <ClCompile Include="src\Tools\AutoWrapLabel.cpp">
      <Filter>Src\Tools</Filter>
    </ClCompile>
    <ClCompile Include="src\Tools\ImageListView.cpp">
      <Filter>Src\Tools</Filter>
    </ClCompile>
  </ItemGroup>
  <ItemGroup>
    <ClInclude Include="src\Common\GlobalDef.h">
      <Filter>Src\Common</Filter>
    </ClInclude>
    <ClInclude Include="src\Common\INodeData.h">
      <Filter>Src\Common</Filter>
    </ClInclude>
    <ClInclude Include="src\Common\IFlowNode.h">
      <Filter>Src\Common</Filter>
    </ClInclude>
    <ClInclude Include="src\Common\CommonUtils.h">
      <Filter>Src\Common</Filter>
    </ClInclude>
    <ClInclude Include="src\Common\FlowPort.h">
      <Filter>Src\Common</Filter>
    </ClInclude>
    <ClInclude Include="src\Common\NodeData.h">
      <Filter>Src\Common</Filter>
    </ClInclude>
    <ClInclude Include="src\Core\NodeRegistry.h">
      <Filter>Src\Core</Filter>
    </ClInclude>
    <ClInclude Include="src\Core\FlowModel.h">
      <Filter>Src\Core</Filter>
    </ClInclude>
    <ClInclude Include="src\Core\FlowWorker.h">
      <Filter>Src\Core</Filter>
    </ClInclude>
    <ClInclude Include="src\Core\FlowEngine.h">
      <Filter>Src\Core</Filter>
    </ClInclude>
    <ClInclude Include="src\Plugins\BaseAlgorithmNode.h">
      <Filter>Src\Plugins</Filter>
    </ClInclude>
    <ClInclude Include="src\Plugins\ImageFilterNode.h">
      <Filter>Src\Plugins\图像处理模块</Filter>
    </ClInclude>
    <ClInclude Include="src\Plugins\_3DProcessNode.h">
      <Filter>Src\Plugins\3D检测</Filter>
    </ClInclude>
    <ClInclude Include="Global.h">
      <Filter>Header Files</Filter>
    </ClInclude>
    <ClInclude Include="Global_function.h">
      <Filter>Header Files</Filter>
    </ClInclude>
  </ItemGroup>
  <ItemGroup>
    <QtMoc Include="src\Plugins\NodeSelectorWidget.h">
      <Filter>Src\GUI</Filter>
    </QtMoc>
    <QtMoc Include="src\GUI\CollapsibleCategory.h">
      <Filter>Src\GUI</Filter>
    </QtMoc>
    <QtMoc Include="src\Tools\OperatorButton.h">
      <Filter>Src\Tools</Filter>
    </QtMoc>
    <QtMoc Include="src\GUI\WorkflowTreeWidget.h">
      <Filter>Src\GUI</Filter>
    </QtMoc>
    <QtMoc Include="src\Plugins\PreProcessWidget.h">
      <Filter>Src\Plugins\图像处理模块\图像预处理</Filter>
    </QtMoc>
    <QtMoc Include="src\Plugins\RoiWidget.h">
      <Filter>Src\Plugins\图像处理模块\ROI设置</Filter>
    </QtMoc>
    <QtMoc Include="src\Plugins\Height3DWidget.h">
      <Filter>Src\Plugins\3D检测\高度检测</Filter>
    </QtMoc>
    <QtMoc Include="src\Plugins\Planeness3DWidget.h">
      <Filter>Src\Plugins\3D检测\平面度检测</Filter>
    </QtMoc>
    <QtMoc Include="src\Plugins\Planeness3DWidget.h">
      <Filter>Src\Plugins\3D检测\平面度检测</Filter>
    </QtMoc>
    <QtMoc Include="src\Plugins\PreProcessWidget.h">
      <Filter>Src\Plugins\图像处理模块\图像预处理</Filter>
    </QtMoc>
    <QtMoc Include="src\Plugins\CameraInputWidget.h">
      <Filter>Src\Plugins\图像处理模块\采集设置</Filter>
    </QtMoc>
    <QtMoc Include="src\Tools\ImageViewWidget.h">
      <Filter>Src\Tools</Filter>
    </QtMoc>
    <QtMoc Include="src\Tools\AutoWrapLabel.h">
      <Filter>Src\Tools</Filter>
    </QtMoc>
    <QtMoc Include="src\Tools\ImageListView.h">
      <Filter>Src\Tools</Filter>
    </QtMoc>
  </ItemGroup>
  <ItemGroup>
    <QtUic Include="src\Plugins\PreProcessWidget.ui">
      <Filter>Src\Plugins\图像处理模块\图像预处理</Filter>
    </QtUic>
    <QtUic Include="src\Plugins\RoiWidget.ui">
      <Filter>Src\Plugins\图像处理模块\ROI设置</Filter>
    </QtUic>
    <QtUic Include="src\Plugins\Height3DWidget.ui">
      <Filter>Src\Plugins\3D检测\高度检测</Filter>
    </QtUic>
    <QtUic Include="src\Plugins\Planeness3DWidget.ui">
      <Filter>Src\Plugins\3D检测\平面度检测</Filter>
    </QtUic>
    <QtUic Include="src\Plugins\Planeness3DWidget.ui">
      <Filter>Src\Plugins\3D检测\平面度检测</Filter>
    </QtUic>
    <QtUic Include="src\Plugins\CameraInputWidget.ui">
      <Filter>Src\Plugins\图像处理模块\采集设置</Filter>
    </QtUic>
    <QtUic Include="src\Template\TemplateWidget.ui">
      <Filter>QT模板</Filter>
    </QtUic>
    <QtUic Include="src\Plugins\OperatorUI\ImageAdjust.ui">
      <Filter>Src\Plugins\图像处理模块\图像预处理\算子库界面</Filter>
    </QtUic>
  </ItemGroup>
</Project>